<?xml version="1.0" encoding="utf-8"?>
<Project ToolsVersion="4.0" xmlns="http://schemas.microsoft.com/developer/msbuild/2003">
  <ItemGroup>
    <Filter Include="include">
      <UniqueIdentifier>{93995380-89BD-4b04-88EB-625FBE52EBFB}</UniqueIdentifier>
      <Extensions>h;hh;hpp;hxx;hm;inl;inc;xsd</Extensions>
    </Filter>
    <Filter Include="src">
      <UniqueIdentifier>{4FC737F1-C7A5-4376-A066-2A32D752A2FF}</UniqueIdentifier>
      <Extensions>cpp;c;cc;cxx;def;odl;idl;hpj;bat;asm;asmx</Extensions>
    </Filter>
    <Filter Include="res">
      <UniqueIdentifier>{67DA6AB6-F800-4c08-8B7A-83BB121AAD01}</UniqueIdentifier>
      <Extensions>rc;ico;cur;bmp;dlg;rc2;rct;bin;rgs;gif;jpg;jpeg;jpe;resx;tiff;tif;png;wav;mfcribbon-ms</Extensions>
    </Filter>
  </ItemGroup>
  <ItemGroup>
    <ClCompile Include="main.cpp">
      <Filter>src</Filter>
    </ClCompile>
    <ClCompile Include="src\simpl.lexer.cpp">
      <Filter>src</Filter>
    </ClCompile>
    <ClCompile Include="src\simpl.parser.cpp">
      <Filter>src</Filter>
    </ClCompile>
    <ClCompile Include="src\compiler.cpp">
      <Filter>src</Filter>
    </ClCompile>
    <ClCompile Include="src\constants.cpp">
      <Filter>src</Filter>
    </ClCompile>
    <ClCompile Include="src\functions.cpp">
      <Filter>src</Filter>
    </ClCompile>
    <ClCompile Include="src\scope.cpp">
      <Filter>src</Filter>
    </ClCompile>
    <ClCompile Include="src\errmsg.cpp">
      <Filter>src</Filter>
    </ClCompile>
  </ItemGroup>
  <ItemGroup>
    <ClInclude Include="include\simpl\ast.h">
      <Filter>include</Filter>
    </ClInclude>
    <ClInclude Include="include\simpl\simpl.parser.h">
      <Filter>include</Filter>
    </ClInclude>
    <ClInclude Include="include\simpl\compiler.h">
      <Filter>include</Filter>
    </ClInclude>
    <ClInclude Include="include\simpl\constants.h">
      <Filter>include</Filter>
    </ClInclude>
    <ClInclude Include="include\simpl\functions.h">
      <Filter>include</Filter>
    </ClInclude>
    <ClInclude Include="include\simpl\scope.h">
      <Filter>include</Filter>
    </ClInclude>
    <ClInclude Include="include\simpl\simpl.h">
      <Filter>include</Filter>
    </ClInclude>
    <ClInclude Include="include\simpl\errmsg.h">
      <Filter>include</Filter>
    </ClInclude>
    <ClInclude Include="include\simpl\config.h">
      <Filter>include</Filter>
    </ClInclude>
  </ItemGroup>
</Project>